
Microsoft Visual Studio Solution File, Format Version 12.00
# Visual Studio Version 17
VisualStudioVersion = 17.0.31903.59
MinimumVisualStudioVersion = 10.0.40219.1
Project("{2150E333-8FDC-42A3-9474-1A3956D46DE8}") = "src", "src", "{827E0CD3-B72D-47B6-A68D-7590B98EB39B}"
EndProject
Project("{FAE04EC0-301F-11D3-BF4B-00C04F79EFBC}") = "Dock.App", "src\Dock.App\Dock.App.csproj", "{3505E72E-AC90-4ED7-B0C2-FAA808013FB1}"
EndProject
Project("{FAE04EC0-301F-11D3-BF4B-00C04F79EFBC}") = "Dock.Core", "src\Dock.Core\Dock.Core.csproj", "{EAFB7790-9558-480C-8136-85713B691AD4}"
EndProject
Project("{FAE04EC0-301F-11D3-BF4B-00C04F79EFBC}") = "Dock.Interop", "src\Dock.Interop\Dock.Interop.csproj", "{DC97E9A7-C484-49AD-938B-3B9D08E1F440}"
EndProject
Project("{FAE04EC0-301F-11D3-BF4B-00C04F79EFBC}") = "Dock.Core.Tests", "tests\Dock.Core.Tests\Dock.Core.Tests.csproj", "{891BE413-0AC7-46B2-AF79-364531728322}"
EndProject
Global
	GlobalSection(SolutionConfigurationPlatforms) = preSolution
		Debug|Any CPU = Debug|Any CPU
		Debug|x64 = Debug|x64
		Debug|x86 = Debug|x86
		Release|Any CPU = Release|Any CPU
		Release|x64 = Release|x64
		Release|x86 = Release|x86
	EndGlobalSection
	GlobalSection(ProjectConfigurationPlatforms) = postSolution
		{3505E72E-AC90-4ED7-B0C2-FAA808013FB1}.Debug|Any CPU.ActiveCfg = Debug|x64
		{3505E72E-AC90-4ED7-B0C2-FAA808013FB1}.Debug|Any CPU.Build.0 = Debug|x64
		{3505E72E-AC90-4ED7-B0C2-FAA808013FB1}.Debug|x64.ActiveCfg = Debug|x64
		{3505E72E-AC90-4ED7-B0C2-FAA808013FB1}.Debug|x64.Build.0 = Debug|x64
		{3505E72E-AC90-4ED7-B0C2-FAA808013FB1}.Debug|x86.ActiveCfg = Debug|x64
		{3505E72E-AC90-4ED7-B0C2-FAA808013FB1}.Debug|x86.Build.0 = Debug|x64
		{3505E72E-AC90-4ED7-B0C2-FAA808013FB1}.Release|Any CPU.ActiveCfg = Release|x64
		{3505E72E-AC90-4ED7-B0C2-FAA808013FB1}.Release|Any CPU.Build.0 = Release|x64
		{3505E72E-AC90-4ED7-B0C2-FAA808013FB1}.Release|x64.ActiveCfg = Release|x64
		{3505E72E-AC90-4ED7-B0C2-FAA808013FB1}.Release|x64.Build.0 = Release|x64
		{3505E72E-AC90-4ED7-B0C2-FAA808013FB1}.Release|x86.ActiveCfg = Release|x64
		{3505E72E-AC90-4ED7-B0C2-FAA808013FB1}.Release|x86.Build.0 = Release|x64
		{EAFB7790-9558-480C-8136-85713B691AD4}.Debug|Any CPU.ActiveCfg = Debug|x64
		{EAFB7790-9558-480C-8136-85713B691AD4}.Debug|Any CPU.Build.0 = Debug|x64
		{EAFB7790-9558-480C-8136-85713B691AD4}.Debug|x64.ActiveCfg = Debug|x64
		{EAFB7790-9558-480C-8136-85713B691AD4}.Debug|x64.Build.0 = Debug|x64
		{EAFB7790-9558-480C-8136-85713B691AD4}.Debug|x86.ActiveCfg = Debug|x64
		{EAFB7790-9558-480C-8136-85713B691AD4}.Debug|x86.Build.0 = Debug|x64
		{EAFB7790-9558-480C-8136-85713B691AD4}.Release|Any CPU.ActiveCfg = Release|x64
		{EAFB7790-9558-480C-8136-85713B691AD4}.Release|Any CPU.Build.0 = Release|x64
		{EAFB7790-9558-480C-8136-85713B691AD4}.Release|x64.ActiveCfg = Release|x64
		{EAFB7790-9558-480C-8136-85713B691AD4}.Release|x64.Build.0 = Release|x64
		{EAFB7790-9558-480C-8136-85713B691AD4}.Release|x86.ActiveCfg = Release|x64
		{EAFB7790-9558-480C-8136-85713B691AD4}.Release|x86.Build.0 = Release|x64
		{DC97E9A7-C484-49AD-938B-3B9D08E1F440}.Debug|Any CPU.ActiveCfg = Debug|x64
		{DC97E9A7-C484-49AD-938B-3B9D08E1F440}.Debug|Any CPU.Build.0 = Debug|x64
		{DC97E9A7-C484-49AD-938B-3B9D08E1F440}.Debug|x64.ActiveCfg = Debug|x64
		{DC97E9A7-C484-49AD-938B-3B9D08E1F440}.Debug|x64.Build.0 = Debug|x64
		{DC97E9A7-C484-49AD-938B-3B9D08E1F440}.Debug|x86.ActiveCfg = Debug|x64
		{DC97E9A7-C484-49AD-938B-3B9D08E1F440}.Debug|x86.Build.0 = Debug|x64
		{DC97E9A7-C484-49AD-938B-3B9D08E1F440}.Release|Any CPU.ActiveCfg = Release|x64
		{DC97E9A7-C484-49AD-938B-3B9D08E1F440}.Release|Any CPU.Build.0 = Release|x64
		{DC97E9A7-C484-49AD-938B-3B9D08E1F440}.Release|x64.ActiveCfg = Release|x64
		{DC97E9A7-C484-49AD-938B-3B9D08E1F440}.Release|x64.Build.0 = Release|x64
		{DC97E9A7-C484-49AD-938B-3B9D08E1F440}.Release|x86.ActiveCfg = Release|x64
		{DC97E9A7-C484-49AD-938B-3B9D08E1F440}.Release|x86.Build.0 = Release|x64
		{891BE413-0AC7-46B2-AF79-364531728322}.Debug|Any CPU.ActiveCfg = Debug|x64
		{891BE413-0AC7-46B2-AF79-364531728322}.Debug|Any CPU.Build.0 = Debug|x64
		{891BE413-0AC7-46B2-AF79-364531728322}.Debug|x64.ActiveCfg = Debug|x64
		{891BE413-0AC7-46B2-AF79-364531728322}.Debug|x64.Build.0 = Debug|x64
		{891BE413-0AC7-46B2-AF79-364531728322}.Debug|x86.ActiveCfg = Debug|x64
		{891BE413-0AC7-46B2-AF79-364531728322}.Debug|x86.Build.0 = Debug|x64
		{891BE413-0AC7-46B2-AF79-364531728322}.Release|Any CPU.ActiveCfg = Release|x64
		{891BE413-0AC7-46B2-AF79-364531728322}.Release|Any CPU.Build.0 = Release|x64
		{891BE413-0AC7-46B2-AF79-364531728322}.Release|x64.ActiveCfg = Release|x64
		{891BE413-0AC7-46B2-AF79-364531728322}.Release|x64.Build.0 = Release|x64
		{891BE413-0AC7-46B2-AF79-364531728322}.Release|x86.ActiveCfg = Release|x64
		{891BE413-0AC7-46B2-AF79-364531728322}.Release|x86.Build.0 = Release|x64
	EndGlobalSection
	GlobalSection(SolutionProperties) = preSolution
		HideSolutionNode = FALSE
	EndGlobalSection
	GlobalSection(NestedProjects) = preSolution
		{3505E72E-AC90-4ED7-B0C2-FAA808013FB1} = {827E0CD3-B72D-47B6-A68D-7590B98EB39B}
		{EAFB7790-9558-480C-8136-85713B691AD4} = {827E0CD3-B72D-47B6-A68D-7590B98EB39B}
		{DC97E9A7-C484-49AD-938B-3B9D08E1F440} = {827E0CD3-B72D-47B6-A68D-7590B98EB39B}
		{891BE413-0AC7-46B2-AF79-364531728322} = {827E0CD3-B72D-47B6-A68D-7590B98EB39B}
	EndGlobalSection
EndGlobal
